// !$*UTF8*$!
{
	archiveVersion = 1;
	classes = {
	};
	objectVersion = 50;
	objects = {

/* Begin PBXBuildFile section */
		2A20D1F326FA44EA001F13D3 /* Alarm.swift in Sources */ = {isa = PBXBuildFile; fileRef = 2A20D1F226FA44EA001F13D3 /* Alarm.swift */; };
		2A26A4B026DA68BF00670DFB /* UnderLineTextFieldView.swift in Sources */ = {isa = PBXBuildFile; fileRef = 2A26A4AF26DA68BF00670DFB /* UnderLineTextFieldView.swift */; };
		2A26A4B526DB5EF000670DFB /* NavigationBarColor.swift in Sources */ = {isa = PBXBuildFile; fileRef = 2A26A4B426DB5EF000670DFB /* NavigationBarColor.swift */; };
		2A739D2526F085280086A41E /* changeSN.swift in Sources */ = {isa = PBXBuildFile; fileRef = 2A739D2426F085280086A41E /* changeSN.swift */; };
		2A739D2726F085810086A41E /* sensorInfo.swift in Sources */ = {isa = PBXBuildFile; fileRef = 2A739D2626F085810086A41E /* sensorInfo.swift */; };
		2A739D2926F085BA0086A41E /* weatherAPI.swift in Sources */ = {isa = PBXBuildFile; fileRef = 2A739D2826F085BA0086A41E /* weatherAPI.swift */; };
		2A739D2B26F085E40086A41E /* programmerInfo.swift in Sources */ = {isa = PBXBuildFile; fileRef = 2A739D2A26F085E40086A41E /* programmerInfo.swift */; };
		2A996A5626C80F9A0088BAB6 /* RootView.swift in Sources */ = {isa = PBXBuildFile; fileRef = 2A996A5526C80F9A0088BAB6 /* RootView.swift */; };
		2A996A5826C812460088BAB6 /* Authenticator.swift in Sources */ = {isa = PBXBuildFile; fileRef = 2A996A5726C812460088BAB6 /* Authenticator.swift */; };
		2A996A5A26C8285D0088BAB6 /* Signup.swift in Sources */ = {isa = PBXBuildFile; fileRef = 2A996A5926C8285D0088BAB6 /* Signup.swift */; };
		2AE97BC226EFA6D900A48108 /* Settings.swift in Sources */ = {isa = PBXBuildFile; fileRef = 2AE97BC126EFA6D900A48108 /* Settings.swift */; };
		2AE97BC526EFAB7400A48108 /* myInfo.swift in Sources */ = {isa = PBXBuildFile; fileRef = 2AE97BC426EFAB7400A48108 /* myInfo.swift */; };
		2AEAB2F526BC424B009C1D21 /* MainTabView.swift in Sources */ = {isa = PBXBuildFile; fileRef = 2AEAB2F426BC424B009C1D21 /* MainTabView.swift */; };
		2AEAB2F726BC42AB009C1D21 /* AList.swift in Sources */ = {isa = PBXBuildFile; fileRef = 2AEAB2F626BC42AB009C1D21 /* AList.swift */; };
		2AEAB2F926BC42CB009C1D21 /* BList.swift in Sources */ = {isa = PBXBuildFile; fileRef = 2AEAB2F826BC42CB009C1D21 /* BList.swift */; };
		2AEAB2FB26BC42E2009C1D21 /* CList.swift in Sources */ = {isa = PBXBuildFile; fileRef = 2AEAB2FA26BC42E2009C1D21 /* CList.swift */; };
		F95CD7A326C7E9FB00CDDFA5 /* RestAPI.swift in Sources */ = {isa = PBXBuildFile; fileRef = F95CD7A226C7E9FB00CDDFA5 /* RestAPI.swift */; };
		F987CBAA26BC3D050061A4A2 /* Air_AlarmApp.swift in Sources */ = {isa = PBXBuildFile; fileRef = F987CBA926BC3D050061A4A2 /* Air_AlarmApp.swift */; };
		F987CBAC26BC3D050061A4A2 /* ContentView.swift in Sources */ = {isa = PBXBuildFile; fileRef = F987CBAB26BC3D050061A4A2 /* ContentView.swift */; };
		F987CBAE26BC3D050061A4A2 /* Assets.xcassets in Resources */ = {isa = PBXBuildFile; fileRef = F987CBAD26BC3D050061A4A2 /* Assets.xcassets */; };
		F987CBB126BC3D050061A4A2 /* Preview Assets.xcassets in Resources */ = {isa = PBXBuildFile; fileRef = F987CBB026BC3D050061A4A2 /* Preview Assets.xcassets */; };
		F987CBBC26BC3D050061A4A2 /* Air_AlarmTests.swift in Sources */ = {isa = PBXBuildFile; fileRef = F987CBBB26BC3D050061A4A2 /* Air_AlarmTests.swift */; };
		F987CBC726BC3D050061A4A2 /* Air_AlarmUITests.swift in Sources */ = {isa = PBXBuildFile; fileRef = F987CBC626BC3D050061A4A2 /* Air_AlarmUITests.swift */; };
/* End PBXBuildFile section */

/* Begin PBXContainerItemProxy section */
		F987CBB826BC3D050061A4A2 /* PBXContainerItemProxy */ = {
			isa = PBXContainerItemProxy;
			containerPortal = F987CB9E26BC3D050061A4A2 /* Project object */;
			proxyType = 1;
			remoteGlobalIDString = F987CBA526BC3D050061A4A2;
			remoteInfo = "Air-Alarm";
		};
		F987CBC326BC3D050061A4A2 /* PBXContainerItemProxy */ = {
			isa = PBXContainerItemProxy;
			containerPortal = F987CB9E26BC3D050061A4A2 /* Project object */;
			proxyType = 1;
			remoteGlobalIDString = F987CBA526BC3D050061A4A2;
			remoteInfo = "Air-Alarm";
		};
/* End PBXContainerItemProxy section */

/* Begin PBXFileReference section */
		2A20D1F226FA44EA001F13D3 /* Alarm.swift */ = {isa = PBXFileReference; lastKnownFileType = sourcecode.swift; path = Alarm.swift; sourceTree = "<group>"; };
		2A26A4AF26DA68BF00670DFB /* UnderLineTextFieldView.swift */ = {isa = PBXFileReference; lastKnownFileType = sourcecode.swift; path = UnderLineTextFieldView.swift; sourceTree = "<group>"; };
		2A26A4B426DB5EF000670DFB /* NavigationBarColor.swift */ = {isa = PBXFileReference; lastKnownFileType = sourcecode.swift; path = NavigationBarColor.swift; sourceTree = "<group>"; };
		2A739D2426F085280086A41E /* changeSN.swift */ = {isa = PBXFileReference; lastKnownFileType = sourcecode.swift; path = changeSN.swift; sourceTree = "<group>"; };
		2A739D2626F085810086A41E /* sensorInfo.swift */ = {isa = PBXFileReference; lastKnownFileType = sourcecode.swift; path = sensorInfo.swift; sourceTree = "<group>"; };
		2A739D2826F085BA0086A41E /* weatherAPI.swift */ = {isa = PBXFileReference; lastKnownFileType = sourcecode.swift; path = weatherAPI.swift; sourceTree = "<group>"; };
		2A739D2A26F085E40086A41E /* programmerInfo.swift */ = {isa = PBXFileReference; lastKnownFileType = sourcecode.swift; path = programmerInfo.swift; sourceTree = "<group>"; };
		2A996A5526C80F9A0088BAB6 /* RootView.swift */ = {isa = PBXFileReference; lastKnownFileType = sourcecode.swift; path = RootView.swift; sourceTree = "<group>"; };
		2A996A5726C812460088BAB6 /* Authenticator.swift */ = {isa = PBXFileReference; lastKnownFileType = sourcecode.swift; path = Authenticator.swift; sourceTree = "<group>"; };
		2A996A5926C8285D0088BAB6 /* Signup.swift */ = {isa = PBXFileReference; lastKnownFileType = sourcecode.swift; path = Signup.swift; sourceTree = "<group>"; };
		2AE97BC126EFA6D900A48108 /* Settings.swift */ = {isa = PBXFileReference; lastKnownFileType = sourcecode.swift; path = Settings.swift; sourceTree = "<group>"; };
		2AE97BC426EFAB7400A48108 /* myInfo.swift */ = {isa = PBXFileReference; lastKnownFileType = sourcecode.swift; path = myInfo.swift; sourceTree = "<group>"; };
		2AEAB2F426BC424B009C1D21 /* MainTabView.swift */ = {isa = PBXFileReference; lastKnownFileType = sourcecode.swift; path = MainTabView.swift; sourceTree = "<group>"; };
		2AEAB2F626BC42AB009C1D21 /* AList.swift */ = {isa = PBXFileReference; lastKnownFileType = sourcecode.swift; path = AList.swift; sourceTree = "<group>"; };
		2AEAB2F826BC42CB009C1D21 /* BList.swift */ = {isa = PBXFileReference; lastKnownFileType = sourcecode.swift; path = BList.swift; sourceTree = "<group>"; };
		2AEAB2FA26BC42E2009C1D21 /* CList.swift */ = {isa = PBXFileReference; lastKnownFileType = sourcecode.swift; path = CList.swift; sourceTree = "<group>"; };
		F95CD7A226C7E9FB00CDDFA5 /* RestAPI.swift */ = {isa = PBXFileReference; lastKnownFileType = sourcecode.swift; path = RestAPI.swift; sourceTree = "<group>"; };
		F987CBA626BC3D050061A4A2 /* Air-Alarm.app */ = {isa = PBXFileReference; explicitFileType = wrapper.application; includeInIndex = 0; path = "Air-Alarm.app"; sourceTree = BUILT_PRODUCTS_DIR; };
		F987CBA926BC3D050061A4A2 /* Air_AlarmApp.swift */ = {isa = PBXFileReference; lastKnownFileType = sourcecode.swift; path = Air_AlarmApp.swift; sourceTree = "<group>"; };
		F987CBAB26BC3D050061A4A2 /* ContentView.swift */ = {isa = PBXFileReference; lastKnownFileType = sourcecode.swift; path = ContentView.swift; sourceTree = "<group>"; };
		F987CBAD26BC3D050061A4A2 /* Assets.xcassets */ = {isa = PBXFileReference; lastKnownFileType = folder.assetcatalog; path = Assets.xcassets; sourceTree = "<group>"; };
		F987CBB026BC3D050061A4A2 /* Preview Assets.xcassets */ = {isa = PBXFileReference; lastKnownFileType = folder.assetcatalog; path = "Preview Assets.xcassets"; sourceTree = "<group>"; };
		F987CBB226BC3D050061A4A2 /* Info.plist */ = {isa = PBXFileReference; lastKnownFileType = text.plist.xml; path = Info.plist; sourceTree = "<group>"; };
		F987CBB726BC3D050061A4A2 /* Air-AlarmTests.xctest */ = {isa = PBXFileReference; explicitFileType = wrapper.cfbundle; includeInIndex = 0; path = "Air-AlarmTests.xctest"; sourceTree = BUILT_PRODUCTS_DIR; };
		F987CBBB26BC3D050061A4A2 /* Air_AlarmTests.swift */ = {isa = PBXFileReference; lastKnownFileType = sourcecode.swift; path = Air_AlarmTests.swift; sourceTree = "<group>"; };
		F987CBBD26BC3D050061A4A2 /* Info.plist */ = {isa = PBXFileReference; lastKnownFileType = text.plist.xml; path = Info.plist; sourceTree = "<group>"; };
		F987CBC226BC3D050061A4A2 /* Air-AlarmUITests.xctest */ = {isa = PBXFileReference; explicitFileType = wrapper.cfbundle; includeInIndex = 0; path = "Air-AlarmUITests.xctest"; sourceTree = BUILT_PRODUCTS_DIR; };
		F987CBC626BC3D050061A4A2 /* Air_AlarmUITests.swift */ = {isa = PBXFileReference; lastKnownFileType = sourcecode.swift; path = Air_AlarmUITests.swift; sourceTree = "<group>"; };
		F987CBC826BC3D050061A4A2 /* Info.plist */ = {isa = PBXFileReference; lastKnownFileType = text.plist.xml; path = Info.plist; sourceTree = "<group>"; };
/* End PBXFileReference section */

/* Begin PBXFrameworksBuildPhase section */
		F987CBA326BC3D050061A4A2 /* Frameworks */ = {
			isa = PBXFrameworksBuildPhase;
			buildActionMask = 2147483647;
			files = (
			);
			runOnlyForDeploymentPostprocessing = 0;
		};
		F987CBB426BC3D050061A4A2 /* Frameworks */ = {
			isa = PBXFrameworksBuildPhase;
			buildActionMask = 2147483647;
			files = (
			);
			runOnlyForDeploymentPostprocessing = 0;
		};
		F987CBBF26BC3D050061A4A2 /* Frameworks */ = {
			isa = PBXFrameworksBuildPhase;
			buildActionMask = 2147483647;
			files = (
			);
			runOnlyForDeploymentPostprocessing = 0;
		};
/* End PBXFrameworksBuildPhase section */

/* Begin PBXGroup section */
		2A20D1F126FA44CF001F13D3 /* Alarm */ = {
			isa = PBXGroup;
			children = (
				2A20D1F226FA44EA001F13D3 /* Alarm.swift */,
			);
			path = Alarm;
			sourceTree = "<group>";
		};
		2A26A4B326DB5EBD00670DFB /* Tab */ = {
			isa = PBXGroup;
			children = (
				2AEAB2F426BC424B009C1D21 /* MainTabView.swift */,
				2A26A4B426DB5EF000670DFB /* NavigationBarColor.swift */,
			);
			path = Tab;
			sourceTree = "<group>";
		};
		2A996A4C26C781990088BAB6 /* Login */ = {
			isa = PBXGroup;
			children = (
				2A996A5526C80F9A0088BAB6 /* RootView.swift */,
				2A996A5726C812460088BAB6 /* Authenticator.swift */,
				2A996A5926C8285D0088BAB6 /* Signup.swift */,
				2A26A4AF26DA68BF00670DFB /* UnderLineTextFieldView.swift */,
			);
			path = Login;
			sourceTree = "<group>";
		};
		2AE97BC326EFAB5400A48108 /* Setting */ = {
			isa = PBXGroup;
			children = (
				2AE97BC126EFA6D900A48108 /* Settings.swift */,
				2A739D2426F085280086A41E /* changeSN.swift */,
				2AE97BC426EFAB7400A48108 /* myInfo.swift */,
				2A739D2626F085810086A41E /* sensorInfo.swift */,
				2A739D2826F085BA0086A41E /* weatherAPI.swift */,
				2A739D2A26F085E40086A41E /* programmerInfo.swift */,
			);
			path = Setting;
			sourceTree = "<group>";
		};
		F987CB9D26BC3D050061A4A2 = {
			isa = PBXGroup;
			children = (
				F987CBA826BC3D050061A4A2 /* Air-Alarm */,
				F987CBBA26BC3D050061A4A2 /* Air-AlarmTests */,
				F987CBC526BC3D050061A4A2 /* Air-AlarmUITests */,
				F987CBA726BC3D050061A4A2 /* Products */,
			);
			sourceTree = "<group>";
		};
		F987CBA726BC3D050061A4A2 /* Products */ = {
			isa = PBXGroup;
			children = (
				F987CBA626BC3D050061A4A2 /* Air-Alarm.app */,
				F987CBB726BC3D050061A4A2 /* Air-AlarmTests.xctest */,
				F987CBC226BC3D050061A4A2 /* Air-AlarmUITests.xctest */,
			);
			name = Products;
			sourceTree = "<group>";
		};
		F987CBA826BC3D050061A4A2 /* Air-Alarm */ = {
			isa = PBXGroup;
			children = (
				2A26A4B326DB5EBD00670DFB /* Tab */,
				F987CBA926BC3D050061A4A2 /* Air_AlarmApp.swift */,
				F987CBAB26BC3D050061A4A2 /* ContentView.swift */,
				F987CBAD26BC3D050061A4A2 /* Assets.xcassets */,
				2A996A4C26C781990088BAB6 /* Login */,
				F987CBB226BC3D050061A4A2 /* Info.plist */,
				2A20D1F126FA44CF001F13D3 /* Alarm */,
				2AE97BC326EFAB5400A48108 /* Setting */,
				2AEAB2F626BC42AB009C1D21 /* AList.swift */,
				2AEAB2F826BC42CB009C1D21 /* BList.swift */,
				2AEAB2FA26BC42E2009C1D21 /* CList.swift */,
				F987CBAF26BC3D050061A4A2 /* Preview Content */,
				F95CD7A226C7E9FB00CDDFA5 /* RestAPI.swift */,
			);
			path = "Air-Alarm";
			sourceTree = "<group>";
		};
		F987CBAF26BC3D050061A4A2 /* Preview Content */ = {
			isa = PBXGroup;
			children = (
				F987CBB026BC3D050061A4A2 /* Preview Assets.xcassets */,
			);
			path = "Preview Content";
			sourceTree = "<group>";
		};
		F987CBBA26BC3D050061A4A2 /* Air-AlarmTests */ = {
			isa = PBXGroup;
			children = (
				F987CBBB26BC3D050061A4A2 /* Air_AlarmTests.swift */,
				F987CBBD26BC3D050061A4A2 /* Info.plist */,
			);
			path = "Air-AlarmTests";
			sourceTree = "<group>";
		};
		F987CBC526BC3D050061A4A2 /* Air-AlarmUITests */ = {
			isa = PBXGroup;
			children = (
				F987CBC626BC3D050061A4A2 /* Air_AlarmUITests.swift */,
				F987CBC826BC3D050061A4A2 /* Info.plist */,
			);
			path = "Air-AlarmUITests";
			sourceTree = "<group>";
		};
/* End PBXGroup section */

/* Begin PBXNativeTarget section */
		F987CBA526BC3D050061A4A2 /* Air-Alarm */ = {
			isa = PBXNativeTarget;
			buildConfigurationList = F987CBCB26BC3D050061A4A2 /* Build configuration list for PBXNativeTarget "Air-Alarm" */;
			buildPhases = (
				F987CBA226BC3D050061A4A2 /* Sources */,
				F987CBA326BC3D050061A4A2 /* Frameworks */,
				F987CBA426BC3D050061A4A2 /* Resources */,
			);
			buildRules = (
			);
			dependencies = (
			);
			name = "Air-Alarm";
			productName = "Air-Alarm";
			productReference = F987CBA626BC3D050061A4A2 /* Air-Alarm.app */;
			productType = "com.apple.product-type.application";
		};
		F987CBB626BC3D050061A4A2 /* Air-AlarmTests */ = {
			isa = PBXNativeTarget;
			buildConfigurationList = F987CBCE26BC3D050061A4A2 /* Build configuration list for PBXNativeTarget "Air-AlarmTests" */;
			buildPhases = (
				F987CBB326BC3D050061A4A2 /* Sources */,
				F987CBB426BC3D050061A4A2 /* Frameworks */,
				F987CBB526BC3D050061A4A2 /* Resources */,
			);
			buildRules = (
			);
			dependencies = (
				F987CBB926BC3D050061A4A2 /* PBXTargetDependency */,
			);
			name = "Air-AlarmTests";
			productName = "Air-AlarmTests";
			productReference = F987CBB726BC3D050061A4A2 /* Air-AlarmTests.xctest */;
			productType = "com.apple.product-type.bundle.unit-test";
		};
		F987CBC126BC3D050061A4A2 /* Air-AlarmUITests */ = {
			isa = PBXNativeTarget;
			buildConfigurationList = F987CBD126BC3D050061A4A2 /* Build configuration list for PBXNativeTarget "Air-AlarmUITests" */;
			buildPhases = (
				F987CBBE26BC3D050061A4A2 /* Sources */,
				F987CBBF26BC3D050061A4A2 /* Frameworks */,
				F987CBC026BC3D050061A4A2 /* Resources */,
			);
			buildRules = (
			);
			dependencies = (
				F987CBC426BC3D050061A4A2 /* PBXTargetDependency */,
			);
			name = "Air-AlarmUITests";
			productName = "Air-AlarmUITests";
			productReference = F987CBC226BC3D050061A4A2 /* Air-AlarmUITests.xctest */;
			productType = "com.apple.product-type.bundle.ui-testing";
		};
/* End PBXNativeTarget section */

/* Begin PBXProject section */
		F987CB9E26BC3D050061A4A2 /* Project object */ = {
			isa = PBXProject;
			attributes = {
				LastSwiftUpdateCheck = 1250;
				LastUpgradeCheck = 1250;
				TargetAttributes = {
					F987CBA526BC3D050061A4A2 = {
						CreatedOnToolsVersion = 12.5.1;
					};
					F987CBB626BC3D050061A4A2 = {
						CreatedOnToolsVersion = 12.5.1;
						TestTargetID = F987CBA526BC3D050061A4A2;
					};
					F987CBC126BC3D050061A4A2 = {
						CreatedOnToolsVersion = 12.5.1;
						TestTargetID = F987CBA526BC3D050061A4A2;
					};
				};
			};
			buildConfigurationList = F987CBA126BC3D050061A4A2 /* Build configuration list for PBXProject "Air-Alarm" */;
			compatibilityVersion = "Xcode 9.3";
			developmentRegion = en;
			hasScannedForEncodings = 0;
			knownRegions = (
				en,
				Base,
			);
			mainGroup = F987CB9D26BC3D050061A4A2;
			productRefGroup = F987CBA726BC3D050061A4A2 /* Products */;
			projectDirPath = "";
			projectRoot = "";
			targets = (
				F987CBA526BC3D050061A4A2 /* Air-Alarm */,
				F987CBB626BC3D050061A4A2 /* Air-AlarmTests */,
				F987CBC126BC3D050061A4A2 /* Air-AlarmUITests */,
			);
		};
/* End PBXProject section */

/* Begin PBXResourcesBuildPhase section */
		F987CBA426BC3D050061A4A2 /* Resources */ = {
			isa = PBXResourcesBuildPhase;
			buildActionMask = 2147483647;
			files = (
				F987CBB126BC3D050061A4A2 /* Preview Assets.xcassets in Resources */,
				F987CBAE26BC3D050061A4A2 /* Assets.xcassets in Resources */,
			);
			runOnlyForDeploymentPostprocessing = 0;
		};
		F987CBB526BC3D050061A4A2 /* Resources */ = {
			isa = PBXResourcesBuildPhase;
			buildActionMask = 2147483647;
			files = (
			);
			runOnlyForDeploymentPostprocessing = 0;
		};
		F987CBC026BC3D050061A4A2 /* Resources */ = {
			isa = PBXResourcesBuildPhase;
			buildActionMask = 2147483647;
			files = (
			);
			runOnlyForDeploymentPostprocessing = 0;
		};
/* End PBXResourcesBuildPhase section */

/* Begin PBXSourcesBuildPhase section */
		F987CBA226BC3D050061A4A2 /* Sources */ = {
			isa = PBXSourcesBuildPhase;
			buildActionMask = 2147483647;
			files = (
				F95CD7A326C7E9FB00CDDFA5 /* RestAPI.swift in Sources */,
				2A739D2B26F085E40086A41E /* programmerInfo.swift in Sources */,
				2A739D2926F085BA0086A41E /* weatherAPI.swift in Sources */,
				2A739D2726F085810086A41E /* sensorInfo.swift in Sources */,
				F987CBAC26BC3D050061A4A2 /* ContentView.swift in Sources */,
				2AE97BC226EFA6D900A48108 /* Settings.swift in Sources */,
				2AEAB2FB26BC42E2009C1D21 /* CList.swift in Sources */,
				2A739D2526F085280086A41E /* changeSN.swift in Sources */,
				2AEAB2F926BC42CB009C1D21 /* BList.swift in Sources */,
				2A996A5826C812460088BAB6 /* Authenticator.swift in Sources */,
				2A996A5626C80F9A0088BAB6 /* RootView.swift in Sources */,
				2AE97BC526EFAB7400A48108 /* myInfo.swift in Sources */,
				2A20D1F326FA44EA001F13D3 /* Alarm.swift in Sources */,
				F987CBAA26BC3D050061A4A2 /* Air_AlarmApp.swift in Sources */,
				2A26A4B526DB5EF000670DFB /* NavigationBarColor.swift in Sources */,
				2A996A5A26C8285D0088BAB6 /* Signup.swift in Sources */,
				2AEAB2F526BC424B009C1D21 /* MainTabView.swift in Sources */,
				2AEAB2F726BC42AB009C1D21 /* AList.swift in Sources */,
				2A26A4B026DA68BF00670DFB /* UnderLineTextFieldView.swift in Sources */,
			);
			runOnlyForDeploymentPostprocessing = 0;
		};
		F987CBB326BC3D050061A4A2 /* Sources */ = {
			isa = PBXSourcesBuildPhase;
			buildActionMask = 2147483647;
			files = (
				F987CBBC26BC3D050061A4A2 /* Air_AlarmTests.swift in Sources */,
			);
			runOnlyForDeploymentPostprocessing = 0;
		};
		F987CBBE26BC3D050061A4A2 /* Sources */ = {
			isa = PBXSourcesBuildPhase;
			buildActionMask = 2147483647;
			files = (
				F987CBC726BC3D050061A4A2 /* Air_AlarmUITests.swift in Sources */,
			);
			runOnlyForDeploymentPostprocessing = 0;
		};
/* End PBXSourcesBuildPhase section */

/* Begin PBXTargetDependency section */
		F987CBB926BC3D050061A4A2 /* PBXTargetDependency */ = {
			isa = PBXTargetDependency;
			target = F987CBA526BC3D050061A4A2 /* Air-Alarm */;
			targetProxy = F987CBB826BC3D050061A4A2 /* PBXContainerItemProxy */;
		};
		F987CBC426BC3D050061A4A2 /* PBXTargetDependency */ = {
			isa = PBXTargetDependency;
			target = F987CBA526BC3D050061A4A2 /* Air-Alarm */;
			targetProxy = F987CBC326BC3D050061A4A2 /* PBXContainerItemProxy */;
		};
/* End PBXTargetDependency section */

/* Begin XCBuildConfiguration section */
		F987CBC926BC3D050061A4A2 /* Debug */ = {
			isa = XCBuildConfiguration;
			buildSettings = {
				ALWAYS_SEARCH_USER_PATHS = NO;
				CLANG_ANALYZER_NONNULL = YES;
				CLANG_ANALYZER_NUMBER_OBJECT_CONVERSION = YES_AGGRESSIVE;
				CLANG_CXX_LANGUAGE_STANDARD = "gnu++14";
				CLANG_CXX_LIBRARY = "libc++";
				CLANG_ENABLE_MODULES = YES;
				CLANG_ENABLE_OBJC_ARC = YES;
				CLANG_ENABLE_OBJC_WEAK = YES;
				CLANG_WARN_BLOCK_CAPTURE_AUTORELEASING = YES;
				CLANG_WARN_BOOL_CONVERSION = YES;
				CLANG_WARN_COMMA = YES;
				CLANG_WARN_CONSTANT_CONVERSION = YES;
				CLANG_WARN_DEPRECATED_OBJC_IMPLEMENTATIONS = YES;
				CLANG_WARN_DIRECT_OBJC_ISA_USAGE = YES_ERROR;
				CLANG_WARN_DOCUMENTATION_COMMENTS = YES;
				CLANG_WARN_EMPTY_BODY = YES;
				CLANG_WARN_ENUM_CONVERSION = YES;
				CLANG_WARN_INFINITE_RECURSION = YES;
				CLANG_WARN_INT_CONVERSION = YES;
				CLANG_WARN_NON_LITERAL_NULL_CONVERSION = YES;
				CLANG_WARN_OBJC_IMPLICIT_RETAIN_SELF = YES;
				CLANG_WARN_OBJC_LITERAL_CONVERSION = YES;
				CLANG_WARN_OBJC_ROOT_CLASS = YES_ERROR;
				CLANG_WARN_QUOTED_INCLUDE_IN_FRAMEWORK_HEADER = YES;
				CLANG_WARN_RANGE_LOOP_ANALYSIS = YES;
				CLANG_WARN_STRICT_PROTOTYPES = YES;
				CLANG_WARN_SUSPICIOUS_MOVE = YES;
				CLANG_WARN_UNGUARDED_AVAILABILITY = YES_AGGRESSIVE;
				CLANG_WARN_UNREACHABLE_CODE = YES;
				CLANG_WARN__DUPLICATE_METHOD_MATCH = YES;
				COPY_PHASE_STRIP = NO;
				DEBUG_INFORMATION_FORMAT = dwarf;
				ENABLE_STRICT_OBJC_MSGSEND = YES;
				ENABLE_TESTABILITY = YES;
				GCC_C_LANGUAGE_STANDARD = gnu11;
				GCC_DYNAMIC_NO_PIC = NO;
				GCC_NO_COMMON_BLOCKS = YES;
				GCC_OPTIMIZATION_LEVEL = 0;
				GCC_PREPROCESSOR_DEFINITIONS = (
					"DEBUG=1",
					"$(inherited)",
				);
				GCC_WARN_64_TO_32_BIT_CONVERSION = YES;
				GCC_WARN_ABOUT_RETURN_TYPE = YES_ERROR;
				GCC_WARN_UNDECLARED_SELECTOR = YES;
				GCC_WARN_UNINITIALIZED_AUTOS = YES_AGGRESSIVE;
				GCC_WARN_UNUSED_FUNCTION = YES;
				GCC_WARN_UNUSED_VARIABLE = YES;
				IPHONEOS_DEPLOYMENT_TARGET = 14.5;
				MTL_ENABLE_DEBUG_INFO = INCLUDE_SOURCE;
				MTL_FAST_MATH = YES;
				ONLY_ACTIVE_ARCH = YES;
				SDKROOT = iphoneos;
				SWIFT_ACTIVE_COMPILATION_CONDITIONS = DEBUG;
				SWIFT_OPTIMIZATION_LEVEL = "-Onone";
			};
			name = Debug;
		};
		F987CBCA26BC3D050061A4A2 /* Release */ = {
			isa = XCBuildConfiguration;
			buildSettings = {
				ALWAYS_SEARCH_USER_PATHS = NO;
				CLANG_ANALYZER_NONNULL = YES;
				CLANG_ANALYZER_NUMBER_OBJECT_CONVERSION = YES_AGGRESSIVE;
				CLANG_CXX_LANGUAGE_STANDARD = "gnu++14";
				CLANG_CXX_LIBRARY = "libc++";
				CLANG_ENABLE_MODULES = YES;
				CLANG_ENABLE_OBJC_ARC = YES;
				CLANG_ENABLE_OBJC_WEAK = YES;
				CLANG_WARN_BLOCK_CAPTURE_AUTORELEASING = YES;
				CLANG_WARN_BOOL_CONVERSION = YES;
				CLANG_WARN_COMMA = YES;
				CLANG_WARN_CONSTANT_CONVERSION = YES;
				CLANG_WARN_DEPRECATED_OBJC_IMPLEMENTATIONS = YES;
				CLANG_WARN_DIRECT_OBJC_ISA_USAGE = YES_ERROR;
				CLANG_WARN_DOCUMENTATION_COMMENTS = YES;
				CLANG_WARN_EMPTY_BODY = YES;
				CLANG_WARN_ENUM_CONVERSION = YES;
				CLANG_WARN_INFINITE_RECURSION = YES;
				CLANG_WARN_INT_CONVERSION = YES;
				CLANG_WARN_NON_LITERAL_NULL_CONVERSION = YES;
				CLANG_WARN_OBJC_IMPLICIT_RETAIN_SELF = YES;
				CLANG_WARN_OBJC_LITERAL_CONVERSION = YES;
				CLANG_WARN_OBJC_ROOT_CLASS = YES_ERROR;
				CLANG_WARN_QUOTED_INCLUDE_IN_FRAMEWORK_HEADER = YES;
				CLANG_WARN_RANGE_LOOP_ANALYSIS = YES;
				CLANG_WARN_STRICT_PROTOTYPES = YES;
				CLANG_WARN_SUSPICIOUS_MOVE = YES;
				CLANG_WARN_UNGUARDED_AVAILABILITY = YES_AGGRESSIVE;
				CLANG_WARN_UNREACHABLE_CODE = YES;
				CLANG_WARN__DUPLICATE_METHOD_MATCH = YES;
				COPY_PHASE_STRIP = NO;
				DEBUG_INFORMATION_FORMAT = "dwarf-with-dsym";
				ENABLE_NS_ASSERTIONS = NO;
				ENABLE_STRICT_OBJC_MSGSEND = YES;
				GCC_C_LANGUAGE_STANDARD = gnu11;
				GCC_NO_COMMON_BLOCKS = YES;
				GCC_WARN_64_TO_32_BIT_CONVERSION = YES;
				GCC_WARN_ABOUT_RETURN_TYPE = YES_ERROR;
				GCC_WARN_UNDECLARED_SELECTOR = YES;
				GCC_WARN_UNINITIALIZED_AUTOS = YES_AGGRESSIVE;
				GCC_WARN_UNUSED_FUNCTION = YES;
				GCC_WARN_UNUSED_VARIABLE = YES;
				IPHONEOS_DEPLOYMENT_TARGET = 14.5;
				MTL_ENABLE_DEBUG_INFO = NO;
				MTL_FAST_MATH = YES;
				SDKROOT = iphoneos;
				SWIFT_COMPILATION_MODE = wholemodule;
				SWIFT_OPTIMIZATION_LEVEL = "-O";
				VALIDATE_PRODUCT = YES;
			};
			name = Release;
		};
		F987CBCC26BC3D050061A4A2 /* Debug */ = {
			isa = XCBuildConfiguration;
			buildSettings = {
				ASSETCATALOG_COMPILER_APPICON_NAME = AppIcon;
				ASSETCATALOG_COMPILER_GLOBAL_ACCENT_COLOR_NAME = AccentColor;
				CODE_SIGN_STYLE = Automatic;
				DEVELOPMENT_ASSET_PATHS = "\"Air-Alarm/Preview Content\"";
				DEVELOPMENT_TEAM = ZEZ6ZRP5LG;
				ENABLE_PREVIEWS = YES;
				INFOPLIST_FILE = "Air-Alarm/Info.plist";
				IPHONEOS_DEPLOYMENT_TARGET = 14.0;
				LD_RUNPATH_SEARCH_PATHS = (
					"$(inherited)",
					"@executable_path/Frameworks",
				);
				PRODUCT_BUNDLE_IDENTIFIER = mirsv.com;
				PRODUCT_NAME = "$(TARGET_NAME)";
				SWIFT_VERSION = 5.0;
				TARGETED_DEVICE_FAMILY = "1,2";
			};
			name = Debug;
		};
		F987CBCD26BC3D050061A4A2 /* Release */ = {
			isa = XCBuildConfiguration;
			buildSettings = {
				ASSETCATALOG_COMPILER_APPICON_NAME = AppIcon;
				ASSETCATALOG_COMPILER_GLOBAL_ACCENT_COLOR_NAME = AccentColor;
				CODE_SIGN_STYLE = Automatic;
				DEVELOPMENT_ASSET_PATHS = "\"Air-Alarm/Preview Content\"";
				DEVELOPMENT_TEAM = ZEZ6ZRP5LG;
				ENABLE_PREVIEWS = YES;
				INFOPLIST_FILE = "Air-Alarm/Info.plist";
				IPHONEOS_DEPLOYMENT_TARGET = 14.0;
				LD_RUNPATH_SEARCH_PATHS = (
					"$(inherited)",
					"@executable_path/Frameworks",
				);
				PRODUCT_BUNDLE_IDENTIFIER = mirsv.com;
				PRODUCT_NAME = "$(TARGET_NAME)";
				SWIFT_VERSION = 5.0;
				TARGETED_DEVICE_FAMILY = "1,2";
			};
			name = Release;
		};
		F987CBCF26BC3D050061A4A2 /* Debug */ = {
			isa = XCBuildConfiguration;
			buildSettings = {
				ALWAYS_EMBED_SWIFT_STANDARD_LIBRARIES = YES;
				BUNDLE_LOADER = "$(TEST_HOST)";
				CODE_SIGN_STYLE = Automatic;
				DEVELOPMENT_TEAM = 486658WQ6M;
				INFOPLIST_FILE = "Air-AlarmTests/Info.plist";
				IPHONEOS_DEPLOYMENT_TARGET = 14.0;
				LD_RUNPATH_SEARCH_PATHS = (
					"$(inherited)",
					"@executable_path/Frameworks",
					"@loader_path/Frameworks",
				);
				PRODUCT_BUNDLE_IDENTIFIER = "com.air-alarm.Air-AlarmTests";
				PRODUCT_NAME = "$(TARGET_NAME)";
				SWIFT_VERSION = 5.0;
				TARGETED_DEVICE_FAMILY = "1,2";
				TEST_HOST = "$(BUILT_PRODUCTS_DIR)/Air-Alarm.app/Air-Alarm";
			};
			name = Debug;
		};
		F987CBD026BC3D050061A4A2 /* Release */ = {
			isa = XCBuildConfiguration;
			buildSettings = {
				ALWAYS_EMBED_SWIFT_STANDARD_LIBRARIES = YES;
				BUNDLE_LOADER = "$(TEST_HOST)";
				CODE_SIGN_STYLE = Automatic;
				DEVELOPMENT_TEAM = 486658WQ6M;
				INFOPLIST_FILE = "Air-AlarmTests/Info.plist";
				IPHONEOS_DEPLOYMENT_TARGET = 14.0;
				LD_RUNPATH_SEARCH_PATHS = (
					"$(inherited)",
					"@executable_path/Frameworks",
					"@loader_path/Frameworks",
				);
				PRODUCT_BUNDLE_IDENTIFIER = "com.air-alarm.Air-AlarmTests";
				PRODUCT_NAME = "$(TARGET_NAME)";
				SWIFT_VERSION = 5.0;
				TARGETED_DEVICE_FAMILY = "1,2";
				TEST_HOST = "$(BUILT_PRODUCTS_DIR)/Air-Alarm.app/Air-Alarm";
			};
			name = Release;
		};
		F987CBD226BC3D050061A4A2 /* Debug */ = {
			isa = XCBuildConfiguration;
			buildSettings = {
				ALWAYS_EMBED_SWIFT_STANDARD_LIBRARIES = YES;
				CODE_SIGN_STYLE = Automatic;
				DEVELOPMENT_TEAM = 486658WQ6M;
				INFOPLIST_FILE = "Air-AlarmUITests/Info.plist";
				LD_RUNPATH_SEARCH_PATHS = (
					"$(inherited)",
					"@executable_path/Frameworks",
					"@loader_path/Frameworks",
				);
				PRODUCT_BUNDLE_IDENTIFIER = "com.air-alarm.Air-AlarmUITests";
				PRODUCT_NAME = "$(TARGET_NAME)";
				SWIFT_VERSION = 5.0;
				TARGETED_DEVICE_FAMILY = "1,2";
				TEST_TARGET_NAME = "Air-Alarm";
			};
			name = Debug;
		};
		F987CBD326BC3D050061A4A2 /* Release */ = {
			isa = XCBuildConfiguration;
			buildSettings = {
				ALWAYS_EMBED_SWIFT_STANDARD_LIBRARIES = YES;
				CODE_SIGN_STYLE = Automatic;
				DEVELOPMENT_TEAM = 486658WQ6M;
				INFOPLIST_FILE = "Air-AlarmUITests/Info.plist";
				LD_RUNPATH_SEARCH_PATHS = (
					"$(inherited)",
					"@executable_path/Frameworks",
					"@loader_path/Frameworks",
				);
				PRODUCT_BUNDLE_IDENTIFIER = "com.air-alarm.Air-AlarmUITests";
				PRODUCT_NAME = "$(TARGET_NAME)";
				SWIFT_VERSION = 5.0;
				TARGETED_DEVICE_FAMILY = "1,2";
				TEST_TARGET_NAME = "Air-Alarm";
			};
			name = Release;
		};
/* End XCBuildConfiguration section */

/* Begin XCConfigurationList section */
		F987CBA126BC3D050061A4A2 /* Build configuration list for PBXProject "Air-Alarm" */ = {
			isa = XCConfigurationList;
			buildConfigurations = (
				F987CBC926BC3D050061A4A2 /* Debug */,
				F987CBCA26BC3D050061A4A2 /* Release */,
			);
			defaultConfigurationIsVisible = 0;
			defaultConfigurationName = Release;
		};
		F987CBCB26BC3D050061A4A2 /* Build configuration list for PBXNativeTarget "Air-Alarm" */ = {
			isa = XCConfigurationList;
			buildConfigurations = (
				F987CBCC26BC3D050061A4A2 /* Debug */,
				F987CBCD26BC3D050061A4A2 /* Release */,
			);
			defaultConfigurationIsVisible = 0;
			defaultConfigurationName = Release;
		};
		F987CBCE26BC3D050061A4A2 /* Build configuration list for PBXNativeTarget "Air-AlarmTests" */ = {
			isa = XCConfigurationList;
			buildConfigurations = (
				F987CBCF26BC3D050061A4A2 /* Debug */,
				F987CBD026BC3D050061A4A2 /* Release */,
			);
			defaultConfigurationIsVisible = 0;
			defaultConfigurationName = Release;
		};
		F987CBD126BC3D050061A4A2 /* Build configuration list for PBXNativeTarget "Air-AlarmUITests" */ = {
			isa = XCConfigurationList;
			buildConfigurations = (
				F987CBD226BC3D050061A4A2 /* Debug */,
				F987CBD326BC3D050061A4A2 /* Release */,
			);
			defaultConfigurationIsVisible = 0;
			defaultConfigurationName = Release;
		};
/* End XCConfigurationList section */
	};
	rootObject = F987CB9E26BC3D050061A4A2 /* Project object */;
}
